
Microsoft Visual Studio Solution File, Format Version 12.00
# Visual Studio Version 16
VisualStudioVersion = 16.0.30413.136
MinimumVisualStudioVersion = 10.0.40219.1
Project("{8BC9CEB8-8B4A-11D0-8D11-00A0C91BC942}") = "6project", "6project\6project.vcxproj", "{2CD5E7E0-2503-430F-9F01-59E9A585EC2E}"
EndProject
Global
	GlobalSection(SolutionConfigurationPlatforms) = preSolution
		Debug|x64 = Debug|x64
		Debug|x86 = Debug|x86
		Release|x64 = Release|x64
		Release|x86 = Release|x86
	EndGlobalSection
	GlobalSection(ProjectConfigurationPlatforms) = postSolution
		{2CD5E7E0-2503-430F-9F01-59E9A585EC2E}.Debug|x64.ActiveCfg = Debug|x64
		{2CD5E7E0-2503-430F-9F01-59E9A585EC2E}.Debug|x64.Build.0 = Debug|x64
		{2CD5E7E0-2503-430F-9F01-59E9A585EC2E}.Debug|x86.ActiveCfg = Debug|Win32
		{2CD5E7E0-2503-430F-9F01-59E9A585EC2E}.Debug|x86.Build.0 = Debug|Win32
		{2CD5E7E0-2503-430F-9F01-59E9A585EC2E}.Release|x64.ActiveCfg = Release|x64
		{2CD5E7E0-2503-430F-9F01-59E9A585EC2E}.Release|x64.Build.0 = Release|x64
		{2CD5E7E0-2503-430F-9F01-59E9A585EC2E}.Release|x86.ActiveCfg = Release|Win32
		{2CD5E7E0-2503-430F-9F01-59E9A585EC2E}.Release|x86.Build.0 = Release|Win32
	EndGlobalSection
	GlobalSection(SolutionProperties) = preSolution
		HideSolutionNode = FALSE
	EndGlobalSection
	GlobalSection(ExtensibilityGlobals) = postSolution
		SolutionGuid = {46B3BCA8-771F-407B-B191-D711FBF68139}
	EndGlobalSection
EndGlobal
